// !$*UTF8*$!
{
	archiveVersion = 1;
	classes = {
	};
	objectVersion = 46;
	objects = {

/* Begin PBXBuildFile section */
		0813264B1E5604E6003CCDBB /* AppDelegate.swift in Sources */ = {isa = PBXBuildFile; fileRef = 0813264A1E5604E6003CCDBB /* AppDelegate.swift */; };
		081326501E5604E7003CCDBB /* Main.storyboard in Resources */ = {isa = PBXBuildFile; fileRef = 0813264E1E5604E7003CCDBB /* Main.storyboard */; };
		081326521E5604E7003CCDBB /* Assets.xcassets in Resources */ = {isa = PBXBuildFile; fileRef = 081326511E5604E7003CCDBB /* Assets.xcassets */; };
		081326551E5604E7003CCDBB /* LaunchScreen.storyboard in Resources */ = {isa = PBXBuildFile; fileRef = 081326531E5604E7003CCDBB /* LaunchScreen.storyboard */; };
		0813266C1E56056C003CCDBB /* AdaptableCollectionView.swift in Sources */ = {isa = PBXBuildFile; fileRef = 0813266B1E56056C003CCDBB /* AdaptableCollectionView.swift */; };
		0813266E1E5605E6003CCDBB /* SimpleCollectionViewController.swift in Sources */ = {isa = PBXBuildFile; fileRef = 0813266D1E5605E6003CCDBB /* SimpleCollectionViewController.swift */; };
/* End PBXBuildFile section */

/* Begin PBXContainerItemProxy section */
		0813265C1E5604E7003CCDBB /* PBXContainerItemProxy */ = {
			isa = PBXContainerItemProxy;
			containerPortal = 0813263F1E5604E6003CCDBB /* Project object */;
			proxyType = 1;
			remoteGlobalIDString = 081326461E5604E6003CCDBB;
			remoteInfo = Adaptable;
		};
/* End PBXContainerItemProxy section */

/* Begin PBXFileReference section */
		081326471E5604E6003CCDBB /* Adaptable.app */ = {isa = PBXFileReference; explicitFileType = wrapper.application; includeInIndex = 0; path = Adaptable.app; sourceTree = BUILT_PRODUCTS_DIR; };
		0813264A1E5604E6003CCDBB /* AppDelegate.swift */ = {isa = PBXFileReference; lastKnownFileType = sourcecode.swift; path = AppDelegate.swift; sourceTree = "<group>"; };
		0813264F1E5604E7003CCDBB /* Base */ = {isa = PBXFileReference; lastKnownFileType = file.storyboard; name = Base; path = Base.lproj/Main.storyboard; sourceTree = "<group>"; };
		081326511E5604E7003CCDBB /* Assets.xcassets */ = {isa = PBXFileReference; lastKnownFileType = folder.assetcatalog; path = Assets.xcassets; sourceTree = "<group>"; };
		081326541E5604E7003CCDBB /* Base */ = {isa = PBXFileReference; lastKnownFileType = file.storyboard; name = Base; path = Base.lproj/LaunchScreen.storyboard; sourceTree = "<group>"; };
		081326561E5604E7003CCDBB /* Info.plist */ = {isa = PBXFileReference; lastKnownFileType = text.plist.xml; path = Info.plist; sourceTree = "<group>"; };
		0813265B1E5604E7003CCDBB /* AdaptableTests.xctest */ = {isa = PBXFileReference; explicitFileType = wrapper.cfbundle; includeInIndex = 0; path = AdaptableTests.xctest; sourceTree = BUILT_PRODUCTS_DIR; };
		081326611E5604E7003CCDBB /* Info.plist */ = {isa = PBXFileReference; lastKnownFileType = text.plist.xml; path = Info.plist; sourceTree = "<group>"; };
		0813266B1E56056C003CCDBB /* AdaptableCollectionView.swift */ = {isa = PBXFileReference; fileEncoding = 4; lastKnownFileType = sourcecode.swift; name = AdaptableCollectionView.swift; path = CollectionView/AdaptableCollectionView.swift; sourceTree = "<group>"; };
		0813266D1E5605E6003CCDBB /* SimpleCollectionViewController.swift */ = {isa = PBXFileReference; fileEncoding = 4; lastKnownFileType = sourcecode.swift; path = SimpleCollectionViewController.swift; sourceTree = "<group>"; };
/* End PBXFileReference section */

/* Begin PBXFrameworksBuildPhase section */
		081326441E5604E6003CCDBB /* Frameworks */ = {
			isa = PBXFrameworksBuildPhase;
			buildActionMask = 2147483647;
			files = (
			);
			runOnlyForDeploymentPostprocessing = 0;
		};
		081326581E5604E7003CCDBB /* Frameworks */ = {
			isa = PBXFrameworksBuildPhase;
			buildActionMask = 2147483647;
			files = (
			);
			runOnlyForDeploymentPostprocessing = 0;
		};
/* End PBXFrameworksBuildPhase section */

/* Begin PBXGroup section */
		0813263E1E5604E6003CCDBB = {
			isa = PBXGroup;
			children = (
				081326491E5604E6003CCDBB /* Adaptable */,
				0813265E1E5604E7003CCDBB /* AdaptableTests */,
				081326481E5604E6003CCDBB /* Products */,
			);
			sourceTree = "<group>";
		};
		081326481E5604E6003CCDBB /* Products */ = {
			isa = PBXGroup;
			children = (
				081326471E5604E6003CCDBB /* Adaptable.app */,
				0813265B1E5604E7003CCDBB /* AdaptableTests.xctest */,
			);
			name = Products;
			sourceTree = "<group>";
		};
		081326491E5604E6003CCDBB /* Adaptable */ = {
			isa = PBXGroup;
			children = (
				0813266A1E56053D003CCDBB /* CollectionView */,
				0813264A1E5604E6003CCDBB /* AppDelegate.swift */,
				0813264E1E5604E7003CCDBB /* Main.storyboard */,
				081326511E5604E7003CCDBB /* Assets.xcassets */,
				081326531E5604E7003CCDBB /* LaunchScreen.storyboard */,
				081326561E5604E7003CCDBB /* Info.plist */,
			);
			path = Adaptable;
			sourceTree = "<group>";
		};
		0813265E1E5604E7003CCDBB /* AdaptableTests */ = {
			isa = PBXGroup;
			children = (
				081326611E5604E7003CCDBB /* Info.plist */,
			);
			path = AdaptableTests;
			sourceTree = "<group>";
		};
		0813266A1E56053D003CCDBB /* CollectionView */ = {
			isa = PBXGroup;
			children = (
				0813266B1E56056C003CCDBB /* AdaptableCollectionView.swift */,
				0813266D1E5605E6003CCDBB /* SimpleCollectionViewController.swift */,
			);
			name = CollectionView;
			sourceTree = "<group>";
		};
/* End PBXGroup section */

/* Begin PBXNativeTarget section */
		081326461E5604E6003CCDBB /* Adaptable */ = {
			isa = PBXNativeTarget;
			buildConfigurationList = 081326641E5604E7003CCDBB /* Build configuration list for PBXNativeTarget "Adaptable" */;
			buildPhases = (
				081326431E5604E6003CCDBB /* Sources */,
				081326441E5604E6003CCDBB /* Frameworks */,
				081326451E5604E6003CCDBB /* Resources */,
			);
			buildRules = (
			);
			dependencies = (
			);
			name = Adaptable;
			productName = Adaptable;
			productReference = 081326471E5604E6003CCDBB /* Adaptable.app */;
			productType = "com.apple.product-type.application";
		};
		0813265A1E5604E7003CCDBB /* AdaptableTests */ = {
			isa = PBXNativeTarget;
			buildConfigurationList = 081326671E5604E7003CCDBB /* Build configuration list for PBXNativeTarget "AdaptableTests" */;
			buildPhases = (
				081326571E5604E7003CCDBB /* Sources */,
				081326581E5604E7003CCDBB /* Frameworks */,
				081326591E5604E7003CCDBB /* Resources */,
			);
			buildRules = (
			);
			dependencies = (
				0813265D1E5604E7003CCDBB /* PBXTargetDependency */,
			);
			name = AdaptableTests;
			productName = AdaptableTests;
			productReference = 0813265B1E5604E7003CCDBB /* AdaptableTests.xctest */;
			productType = "com.apple.product-type.bundle.unit-test";
		};
/* End PBXNativeTarget section */

/* Begin PBXProject section */
		0813263F1E5604E6003CCDBB /* Project object */ = {
			isa = PBXProject;
			attributes = {
				LastSwiftUpdateCheck = 0820;
				LastUpgradeCheck = 0820;
				ORGANIZATIONNAME = "heeso Kim";
				TargetAttributes = {
					081326461E5604E6003CCDBB = {
						CreatedOnToolsVersion = 8.2.1;
						ProvisioningStyle = Automatic;
					};
					0813265A1E5604E7003CCDBB = {
						CreatedOnToolsVersion = 8.2.1;
						ProvisioningStyle = Automatic;
						TestTargetID = 081326461E5604E6003CCDBB;
					};
				};
			};
			buildConfigurationList = 081326421E5604E6003CCDBB /* Build configuration list for PBXProject "Adaptable" */;
			compatibilityVersion = "Xcode 3.2";
			developmentRegion = English;
			hasScannedForEncodings = 0;
			knownRegions = (
				en,
				Base,
			);
			mainGroup = 0813263E1E5604E6003CCDBB;
			productRefGroup = 081326481E5604E6003CCDBB /* Products */;
			projectDirPath = "";
			projectRoot = "";
			targets = (
				081326461E5604E6003CCDBB /* Adaptable */,
				0813265A1E5604E7003CCDBB /* AdaptableTests */,
			);
		};
/* End PBXProject section */

/* Begin PBXResourcesBuildPhase section */
		081326451E5604E6003CCDBB /* Resources */ = {
			isa = PBXResourcesBuildPhase;
			buildActionMask = 2147483647;
			files = (
				081326551E5604E7003CCDBB /* LaunchScreen.storyboard in Resources */,
				081326521E5604E7003CCDBB /* Assets.xcassets in Resources */,
				081326501E5604E7003CCDBB /* Main.storyboard in Resources */,
			);
			runOnlyForDeploymentPostprocessing = 0;
		};
		081326591E5604E7003CCDBB /* Resources */ = {
			isa = PBXResourcesBuildPhase;
			buildActionMask = 2147483647;
			files = (
			);
			runOnlyForDeploymentPostprocessing = 0;
		};
/* End PBXResourcesBuildPhase section */

/* Begin PBXSourcesBuildPhase section */
		081326431E5604E6003CCDBB /* Sources */ = {
			isa = PBXSourcesBuildPhase;
			buildActionMask = 2147483647;
			files = (
				0813264B1E5604E6003CCDBB /* AppDelegate.swift in Sources */,
				0813266E1E5605E6003CCDBB /* SimpleCollectionViewController.swift in Sources */,
				0813266C1E56056C003CCDBB /* AdaptableCollectionView.swift in Sources */,
			);
			runOnlyForDeploymentPostprocessing = 0;
		};
		081326571E5604E7003CCDBB /* Sources */ = {
			isa = PBXSourcesBuildPhase;
			buildActionMask = 2147483647;
			files = (
			);
			runOnlyForDeploymentPostprocessing = 0;
		};
/* End PBXSourcesBuildPhase section */

/* Begin PBXTargetDependency section */
		0813265D1E5604E7003CCDBB /* PBXTargetDependency */ = {
			isa = PBXTargetDependency;
			target = 081326461E5604E6003CCDBB /* Adaptable */;
			targetProxy = 0813265C1E5604E7003CCDBB /* PBXContainerItemProxy */;
		};
/* End PBXTargetDependency section */

/* Begin PBXVariantGroup section */
		0813264E1E5604E7003CCDBB /* Main.storyboard */ = {
			isa = PBXVariantGroup;
			children = (
				0813264F1E5604E7003CCDBB /* Base */,
			);
			name = Main.storyboard;
			sourceTree = "<group>";
		};
		081326531E5604E7003CCDBB /* LaunchScreen.storyboard */ = {
			isa = PBXVariantGroup;
			children = (
				081326541E5604E7003CCDBB /* Base */,
			);
			name = LaunchScreen.storyboard;
			sourceTree = "<group>";
		};
/* End PBXVariantGroup section */

/* Begin XCBuildConfiguration section */
		081326621E5604E7003CCDBB /* Debug */ = {
			isa = XCBuildConfiguration;
			buildSettings = {
				ALWAYS_SEARCH_USER_PATHS = NO;
				CLANG_ANALYZER_NONNULL = YES;
				CLANG_CXX_LANGUAGE_STANDARD = "gnu++0x";
				CLANG_CXX_LIBRARY = "libc++";
				CLANG_ENABLE_MODULES = YES;
				CLANG_ENABLE_OBJC_ARC = YES;
				CLANG_WARN_BOOL_CONVERSION = YES;
				CLANG_WARN_CONSTANT_CONVERSION = YES;
				CLANG_WARN_DIRECT_OBJC_ISA_USAGE = YES_ERROR;
				CLANG_WARN_DOCUMENTATION_COMMENTS = YES;
				CLANG_WARN_EMPTY_BODY = YES;
				CLANG_WARN_ENUM_CONVERSION = YES;
				CLANG_WARN_INFINITE_RECURSION = YES;
				CLANG_WARN_INT_CONVERSION = YES;
				CLANG_WARN_OBJC_ROOT_CLASS = YES_ERROR;
				CLANG_WARN_SUSPICIOUS_MOVE = YES;
				CLANG_WARN_UNREACHABLE_CODE = YES;
				CLANG_WARN__DUPLICATE_METHOD_MATCH = YES;
				"CODE_SIGN_IDENTITY[sdk=iphoneos*]" = "iPhone Developer";
				COPY_PHASE_STRIP = NO;
				DEBUG_INFORMATION_FORMAT = dwarf;
				ENABLE_STRICT_OBJC_MSGSEND = YES;
				ENABLE_TESTABILITY = YES;
				GCC_C_LANGUAGE_STANDARD = gnu99;
				GCC_DYNAMIC_NO_PIC = NO;
				GCC_NO_COMMON_BLOCKS = YES;
				GCC_OPTIMIZATION_LEVEL = 0;
				GCC_PREPROCESSOR_DEFINITIONS = (
					"DEBUG=1",
					"$(inherited)",
				);
				GCC_WARN_64_TO_32_BIT_CONVERSION = YES;
				GCC_WARN_ABOUT_RETURN_TYPE = YES_ERROR;
				GCC_WARN_UNDECLARED_SELECTOR = YES;
				GCC_WARN_UNINITIALIZED_AUTOS = YES_AGGRESSIVE;
				GCC_WARN_UNUSED_FUNCTION = YES;
				GCC_WARN_UNUSED_VARIABLE = YES;
				IPHONEOS_DEPLOYMENT_TARGET = 10.2;
				MTL_ENABLE_DEBUG_INFO = YES;
				ONLY_ACTIVE_ARCH = YES;
				SDKROOT = iphoneos;
				SWIFT_ACTIVE_COMPILATION_CONDITIONS = DEBUG;
				SWIFT_OPTIMIZATION_LEVEL = "-Onone";
				TARGETED_DEVICE_FAMILY = "1,2";
			};
			name = Debug;
		};
		081326631E5604E7003CCDBB /* Release */ = {
			isa = XCBuildConfiguration;
			buildSettings = {
				ALWAYS_SEARCH_USER_PATHS = NO;
				CLANG_ANALYZER_NONNULL = YES;
				CLANG_CXX_LANGUAGE_STANDARD = "gnu++0x";
				CLANG_CXX_LIBRARY = "libc++";
				CLANG_ENABLE_MODULES = YES;
				CLANG_ENABLE_OBJC_ARC = YES;
				CLANG_WARN_BOOL_CONVERSION = YES;
				CLANG_WARN_CONSTANT_CONVERSION = YES;
				CLANG_WARN_DIRECT_OBJC_ISA_USAGE = YES_ERROR;
				CLANG_WARN_DOCUMENTATION_COMMENTS = YES;
				CLANG_WARN_EMPTY_BODY = YES;
				CLANG_WARN_ENUM_CONVERSION = YES;
				CLANG_WARN_INFINITE_RECURSION = YES;
				CLANG_WARN_INT_CONVERSION = YES;
				CLANG_WARN_OBJC_ROOT_CLASS = YES_ERROR;
				CLANG_WARN_SUSPICIOUS_MOVE = YES;
				CLANG_WARN_UNREACHABLE_CODE = YES;
				CLANG_WARN__DUPLICATE_METHOD_MATCH = YES;
				"CODE_SIGN_IDENTITY[sdk=iphoneos*]" = "iPhone Developer";
				COPY_PHASE_STRIP = NO;
				DEBUG_INFORMATION_FORMAT = "dwarf-with-dsym";
				ENABLE_NS_ASSERTIONS = NO;
				ENABLE_STRICT_OBJC_MSGSEND = YES;
				GCC_C_LANGUAGE_STANDARD = gnu99;
				GCC_NO_COMMON_BLOCKS = YES;
				GCC_WARN_64_TO_32_BIT_CONVERSION = YES;
				GCC_WARN_ABOUT_RETURN_TYPE = YES_ERROR;
				GCC_WARN_UNDECLARED_SELECTOR = YES;
				GCC_WARN_UNINITIALIZED_AUTOS = YES_AGGRESSIVE;
				GCC_WARN_UNUSED_FUNCTION = YES;
				GCC_WARN_UNUSED_VARIABLE = YES;
				IPHONEOS_DEPLOYMENT_TARGET = 10.2;
				MTL_ENABLE_DEBUG_INFO = NO;
				SDKROOT = iphoneos;
				SWIFT_OPTIMIZATION_LEVEL = "-Owholemodule";
				TARGETED_DEVICE_FAMILY = "1,2";
				VALIDATE_PRODUCT = YES;
			};
			name = Release;
		};
		081326651E5604E7003CCDBB /* Debug */ = {
			isa = XCBuildConfiguration;
			buildSettings = {
				ASSETCATALOG_COMPILER_APPICON_NAME = AppIcon;
				INFOPLIST_FILE = Adaptable/Info.plist;
				LD_RUNPATH_SEARCH_PATHS = "$(inherited) @executable_path/Frameworks";
				PRODUCT_BUNDLE_IDENTIFIER = com.damwoo.Adaptable;
				PRODUCT_NAME = "$(TARGET_NAME)";
				SWIFT_VERSION = 3.0;
			};
			name = Debug;
		};
		081326661E5604E7003CCDBB /* Release */ = {
			isa = XCBuildConfiguration;
			buildSettings = {
				ASSETCATALOG_COMPILER_APPICON_NAME = AppIcon;
				INFOPLIST_FILE = Adaptable/Info.plist;
				LD_RUNPATH_SEARCH_PATHS = "$(inherited) @executable_path/Frameworks";
				PRODUCT_BUNDLE_IDENTIFIER = com.damwoo.Adaptable;
				PRODUCT_NAME = "$(TARGET_NAME)";
				SWIFT_VERSION = 3.0;
			};
			name = Release;
		};
		081326681E5604E7003CCDBB /* Debug */ = {
			isa = XCBuildConfiguration;
			buildSettings = {
				ALWAYS_EMBED_SWIFT_STANDARD_LIBRARIES = YES;
				BUNDLE_LOADER = "$(TEST_HOST)";
				INFOPLIST_FILE = AdaptableTests/Info.plist;
				LD_RUNPATH_SEARCH_PATHS = "$(inherited) @executable_path/Frameworks @loader_path/Frameworks";
				PRODUCT_BUNDLE_IDENTIFIER = com.damwoo.AdaptableTests;
				PRODUCT_NAME = "$(TARGET_NAME)";
				SWIFT_VERSION = 3.0;
				TEST_HOST = "$(BUILT_PRODUCTS_DIR)/Adaptable.app/Adaptable";
			};
			name = Debug;
		};
		081326691E5604E7003CCDBB /* Release */ = {
			isa = XCBuildConfiguration;
			buildSettings = {
				ALWAYS_EMBED_SWIFT_STANDARD_LIBRARIES = YES;
				BUNDLE_LOADER = "$(TEST_HOST)";
				INFOPLIST_FILE = AdaptableTests/Info.plist;
				LD_RUNPATH_SEARCH_PATHS = "$(inherited) @executable_path/Frameworks @loader_path/Frameworks";
				PRODUCT_BUNDLE_IDENTIFIER = com.damwoo.AdaptableTests;
				PRODUCT_NAME = "$(TARGET_NAME)";
				SWIFT_VERSION = 3.0;
				TEST_HOST = "$(BUILT_PRODUCTS_DIR)/Adaptable.app/Adaptable";
			};
			name = Release;
		};
/* End XCBuildConfiguration section */

/* Begin XCConfigurationList section */
		081326421E5604E6003CCDBB /* Build configuration list for PBXProject "Adaptable" */ = {
			isa = XCConfigurationList;
			buildConfigurations = (
				081326621E5604E7003CCDBB /* Debug */,
				081326631E5604E7003CCDBB /* Release */,
			);
			defaultConfigurationIsVisible = 0;
			defaultConfigurationName = Release;
		};
		081326641E5604E7003CCDBB /* Build configuration list for PBXNativeTarget "Adaptable" */ = {
			isa = XCConfigurationList;
			buildConfigurations = (
				081326651E5604E7003CCDBB /* Debug */,
				081326661E5604E7003CCDBB /* Release */,
			);
			defaultConfigurationIsVisible = 0;
		};
		081326671E5604E7003CCDBB /* Build configuration list for PBXNativeTarget "AdaptableTests" */ = {
			isa = XCConfigurationList;
			buildConfigurations = (
				081326681E5604E7003CCDBB /* Debug */,
				081326691E5604E7003CCDBB /* Release */,
			);
			defaultConfigurationIsVisible = 0;
		};
/* End XCConfigurationList section */
	};
	rootObject = 0813263F1E5604E6003CCDBB /* Project object */;
}
